{
  "dependencies": [
    {
      "commit": "c7406e0cc5b16e60acb8dfcfd8b33fa249551e18",
      "hash": "e59e833fbd715afe66ffc57916ba116940d43edffc5ebee2fafae6a716d39c95",
      "hash_algorithm": "vix-package-sha256",
      "hash_version": 2,
      "id": "rix/auth",
      "repo": "https://github.com/rixcpp/auth",
      "requested": "0.3.0",
      "tag": "v0.3.0",
      "version": "0.3.0"
    },
    {
      "commit": "e5e7f817a37d815c61962e6be88259f105d4f54d",
      "hash": "ecef65ac835d4227ad5819ec94c14beefced12d2a6346a0050287228daf01a01",
      "hash_algorithm": "vix-package-sha256",
      "hash_version": 2,
      "id": "rix/csv",
      "repo": "https://github.com/rixcpp/csv",
      "requested": "0.3.1",
      "tag": "v0.3.1",
      "version": "0.3.1"
    },
    {
      "commit": "7ce988db8e20a1d0bcedda81dcb88e4daf01c8a7",
      "hash": "e170732bcd36c6075a3a6803ecad45b89dd224bddeb41285fff62cd4e03173a2",
      "hash_algorithm": "vix-package-sha256",
      "hash_version": 2,
      "id": "rix/debug",
      "repo": "https://github.com/rixcpp/debug",
      "requested": "0.2.0",
      "tag": "v0.2.0",
      "version": "0.2.0"
    },
    {
      "commit": "c7c56efc6a04f285f05c52849186680aa7f342e7",
      "hash": "baa29f4a90b4799cade68e75c37c50d181e57ca8afc877d46a75e9e95da63810",
      "hash_algorithm": "vix-package-sha256",
      "hash_version": 2,
      "id": "rix/pdf",
      "repo": "https://github.com/rixcpp/pdf",
      "requested": "0.1.0",
      "tag": "v0.1.0",
      "version": "0.1.0"
    },
    {
      "commit": "9362345a98e2828448d9c8899f0c51d4fd3cbe55",
      "hash": "a70612e3d65cdbe6d5e9a5596de6f2b2eff14bcd97c854eb35f5c010e42e0370",
      "hash_algorithm": "vix-package-sha256",
      "hash_version": 2,
      "id": "rix/rix",
      "repo": "https://github.com/rixcpp/rix",
      "requested": "0.9.1",
      "tag": "v0.9.1",
      "version": "0.9.1"
    }
  ],
  "lockVersion": 1
}
